// !$*UTF8*$!
{
	archiveVersion = 1;
	classes = {
	};
	objectVersion = 55;
	objects = {

/* Begin PBXBuildFile section */
		2755B060285C80D100F2C7A1 /* ConfigScreen.swift in Sources */ = {isa = PBXBuildFile; fileRef = 2755B05F285C80D100F2C7A1 /* ConfigScreen.swift */; };
		2755B062285C80E400F2C7A1 /* DebugScreen.swift in Sources */ = {isa = PBXBuildFile; fileRef = 2755B061285C80E400F2C7A1 /* DebugScreen.swift */; };
		2755B064285C80F600F2C7A1 /* ConsentScreen.swift in Sources */ = {isa = PBXBuildFile; fileRef = 2755B063285C80F600F2C7A1 /* ConsentScreen.swift */; };
		2755B068285C811F00F2C7A1 /* TrackingScreen.swift in Sources */ = {isa = PBXBuildFile; fileRef = 2755B067285C811F00F2C7A1 /* TrackingScreen.swift */; };
		2755B06B285C863D00F2C7A1 /* TrackingOptions.swift in Sources */ = {isa = PBXBuildFile; fileRef = 2755B06A285C863C00F2C7A1 /* TrackingOptions.swift */; };
		27662A43285C7F30009F8D5F /* DebugExampleApp.swift in Sources */ = {isa = PBXBuildFile; fileRef = 27662A42285C7F30009F8D5F /* DebugExampleApp.swift */; };
		27662A45285C7F30009F8D5F /* OverviewScreen.swift in Sources */ = {isa = PBXBuildFile; fileRef = 27662A44285C7F30009F8D5F /* OverviewScreen.swift */; };
		27662A47285C7F31009F8D5F /* Assets.xcassets in Resources */ = {isa = PBXBuildFile; fileRef = 27662A46285C7F31009F8D5F /* Assets.xcassets */; };
		27662A4A285C7F31009F8D5F /* Preview Assets.xcassets in Resources */ = {isa = PBXBuildFile; fileRef = 27662A49285C7F31009F8D5F /* Preview Assets.xcassets */; };
		27662A54285C7F5E009F8D5F /* Jentis in Frameworks */ = {isa = PBXBuildFile; productRef = 27662A53285C7F5E009F8D5F /* Jentis */; };
/* End PBXBuildFile section */

/* Begin PBXFileReference section */
		2755B05F285C80D100F2C7A1 /* ConfigScreen.swift */ = {isa = PBXFileReference; lastKnownFileType = sourcecode.swift; path = ConfigScreen.swift; sourceTree = "<group>"; };
		2755B061285C80E400F2C7A1 /* DebugScreen.swift */ = {isa = PBXFileReference; lastKnownFileType = sourcecode.swift; path = DebugScreen.swift; sourceTree = "<group>"; };
		2755B063285C80F600F2C7A1 /* ConsentScreen.swift */ = {isa = PBXFileReference; lastKnownFileType = sourcecode.swift; path = ConsentScreen.swift; sourceTree = "<group>"; };
		2755B067285C811F00F2C7A1 /* TrackingScreen.swift */ = {isa = PBXFileReference; lastKnownFileType = sourcecode.swift; path = TrackingScreen.swift; sourceTree = "<group>"; };
		2755B06A285C863C00F2C7A1 /* TrackingOptions.swift */ = {isa = PBXFileReference; lastKnownFileType = sourcecode.swift; path = TrackingOptions.swift; sourceTree = "<group>"; };
		27662A3F285C7F30009F8D5F /* DebugExample.app */ = {isa = PBXFileReference; explicitFileType = wrapper.application; includeInIndex = 0; path = DebugExample.app; sourceTree = BUILT_PRODUCTS_DIR; };
		27662A42285C7F30009F8D5F /* DebugExampleApp.swift */ = {isa = PBXFileReference; lastKnownFileType = sourcecode.swift; path = DebugExampleApp.swift; sourceTree = "<group>"; };
		27662A44285C7F30009F8D5F /* OverviewScreen.swift */ = {isa = PBXFileReference; lastKnownFileType = sourcecode.swift; path = OverviewScreen.swift; sourceTree = "<group>"; };
		27662A46285C7F31009F8D5F /* Assets.xcassets */ = {isa = PBXFileReference; lastKnownFileType = folder.assetcatalog; path = Assets.xcassets; sourceTree = "<group>"; };
		27662A49285C7F31009F8D5F /* Preview Assets.xcassets */ = {isa = PBXFileReference; lastKnownFileType = folder.assetcatalog; path = "Preview Assets.xcassets"; sourceTree = "<group>"; };
		27662A51285C7F52009F8D5F /* jentis-ios */ = {isa = PBXFileReference; lastKnownFileType = wrapper; name = "jentis-ios"; path = ../..; sourceTree = "<group>"; };
/* End PBXFileReference section */

/* Begin PBXFrameworksBuildPhase section */
		27662A3C285C7F30009F8D5F /* Frameworks */ = {
			isa = PBXFrameworksBuildPhase;
			buildActionMask = 2147483647;
			files = (
				27662A54285C7F5E009F8D5F /* Jentis in Frameworks */,
			);
			runOnlyForDeploymentPostprocessing = 0;
		};
/* End PBXFrameworksBuildPhase section */

/* Begin PBXGroup section */
		2755B05E285C80A500F2C7A1 /* Screens */ = {
			isa = PBXGroup;
			children = (
				27662A44285C7F30009F8D5F /* OverviewScreen.swift */,
				2755B05F285C80D100F2C7A1 /* ConfigScreen.swift */,
				2755B061285C80E400F2C7A1 /* DebugScreen.swift */,
				2755B063285C80F600F2C7A1 /* ConsentScreen.swift */,
				2755B067285C811F00F2C7A1 /* TrackingScreen.swift */,
			);
			path = Screens;
			sourceTree = "<group>";
		};
		2755B069285C863400F2C7A1 /* Models */ = {
			isa = PBXGroup;
			children = (
				2755B06A285C863C00F2C7A1 /* TrackingOptions.swift */,
			);
			path = Models;
			sourceTree = "<group>";
		};
		27662A36285C7F30009F8D5F = {
			isa = PBXGroup;
			children = (
				27662A50285C7F52009F8D5F /* Packages */,
				27662A41285C7F30009F8D5F /* DebugExample */,
				27662A40285C7F30009F8D5F /* Products */,
				27662A52285C7F5E009F8D5F /* Frameworks */,
			);
			sourceTree = "<group>";
		};
		27662A40285C7F30009F8D5F /* Products */ = {
			isa = PBXGroup;
			children = (
				27662A3F285C7F30009F8D5F /* DebugExample.app */,
			);
			name = Products;
			sourceTree = "<group>";
		};
		27662A41285C7F30009F8D5F /* DebugExample */ = {
			isa = PBXGroup;
			children = (
				2755B069285C863400F2C7A1 /* Models */,
				2755B05E285C80A500F2C7A1 /* Screens */,
				27662A42285C7F30009F8D5F /* DebugExampleApp.swift */,
				27662A46285C7F31009F8D5F /* Assets.xcassets */,
				27662A48285C7F31009F8D5F /* Preview Content */,
			);
			path = DebugExample;
			sourceTree = "<group>";
		};
		27662A48285C7F31009F8D5F /* Preview Content */ = {
			isa = PBXGroup;
			children = (
				27662A49285C7F31009F8D5F /* Preview Assets.xcassets */,
			);
			path = "Preview Content";
			sourceTree = "<group>";
		};
		27662A50285C7F52009F8D5F /* Packages */ = {
			isa = PBXGroup;
			children = (
				27662A51285C7F52009F8D5F /* jentis-ios */,
			);
			name = Packages;
			sourceTree = "<group>";
		};
		27662A52285C7F5E009F8D5F /* Frameworks */ = {
			isa = PBXGroup;
			children = (
			);
			name = Frameworks;
			sourceTree = "<group>";
		};
/* End PBXGroup section */

/* Begin PBXNativeTarget section */
		27662A3E285C7F30009F8D5F /* DebugExample */ = {
			isa = PBXNativeTarget;
			buildConfigurationList = 27662A4D285C7F31009F8D5F /* Build configuration list for PBXNativeTarget "DebugExample" */;
			buildPhases = (
				27662A3B285C7F30009F8D5F /* Sources */,
				27662A3C285C7F30009F8D5F /* Frameworks */,
				27662A3D285C7F30009F8D5F /* Resources */,
			);
			buildRules = (
			);
			dependencies = (
			);
			name = DebugExample;
			packageProductDependencies = (
				27662A53285C7F5E009F8D5F /* Jentis */,
			);
			productName = DebugExample;
			productReference = 27662A3F285C7F30009F8D5F /* DebugExample.app */;
			productType = "com.apple.product-type.application";
		};
/* End PBXNativeTarget section */

/* Begin PBXProject section */
		27662A37285C7F30009F8D5F /* Project object */ = {
			isa = PBXProject;
			attributes = {
				BuildIndependentTargetsInParallel = 1;
				LastSwiftUpdateCheck = 1400;
				LastUpgradeCheck = 1400;
				TargetAttributes = {
					27662A3E285C7F30009F8D5F = {
						CreatedOnToolsVersion = 14.0;
					};
				};
			};
			buildConfigurationList = 27662A3A285C7F30009F8D5F /* Build configuration list for PBXProject "DebugExample" */;
			compatibilityVersion = "Xcode 13.0";
			developmentRegion = en;
			hasScannedForEncodings = 0;
			knownRegions = (
				en,
				Base,
			);
			mainGroup = 27662A36285C7F30009F8D5F;
			productRefGroup = 27662A40285C7F30009F8D5F /* Products */;
			projectDirPath = "";
			projectRoot = "";
			targets = (
				27662A3E285C7F30009F8D5F /* DebugExample */,
			);
		};
/* End PBXProject section */

/* Begin PBXResourcesBuildPhase section */
		27662A3D285C7F30009F8D5F /* Resources */ = {
			isa = PBXResourcesBuildPhase;
			buildActionMask = 2147483647;
			files = (
				27662A4A285C7F31009F8D5F /* Preview Assets.xcassets in Resources */,
				27662A47285C7F31009F8D5F /* Assets.xcassets in Resources */,
			);
			runOnlyForDeploymentPostprocessing = 0;
		};
/* End PBXResourcesBuildPhase section */

/* Begin PBXSourcesBuildPhase section */
		27662A3B285C7F30009F8D5F /* Sources */ = {
			isa = PBXSourcesBuildPhase;
			buildActionMask = 2147483647;
			files = (
				27662A45285C7F30009F8D5F /* OverviewScreen.swift in Sources */,
				2755B06B285C863D00F2C7A1 /* TrackingOptions.swift in Sources */,
				2755B060285C80D100F2C7A1 /* ConfigScreen.swift in Sources */,
				27662A43285C7F30009F8D5F /* DebugExampleApp.swift in Sources */,
				2755B062285C80E400F2C7A1 /* DebugScreen.swift in Sources */,
				2755B068285C811F00F2C7A1 /* TrackingScreen.swift in Sources */,
				2755B064285C80F600F2C7A1 /* ConsentScreen.swift in Sources */,
			);
			runOnlyForDeploymentPostprocessing = 0;
		};
/* End PBXSourcesBuildPhase section */

/* Begin XCBuildConfiguration section */
		27662A4B285C7F31009F8D5F /* Debug */ = {
			isa = XCBuildConfiguration;
			buildSettings = {
				ALWAYS_SEARCH_USER_PATHS = NO;
				CLANG_ANALYZER_NONNULL = YES;
				CLANG_ANALYZER_NUMBER_OBJECT_CONVERSION = YES_AGGRESSIVE;
				CLANG_CXX_LANGUAGE_STANDARD = "gnu++17";
				CLANG_ENABLE_MODULES = YES;
				CLANG_ENABLE_OBJC_ARC = YES;
				CLANG_ENABLE_OBJC_WEAK = YES;
				CLANG_WARN_BLOCK_CAPTURE_AUTORELEASING = YES;
				CLANG_WARN_BOOL_CONVERSION = YES;
				CLANG_WARN_COMMA = YES;
				CLANG_WARN_CONSTANT_CONVERSION = YES;
				CLANG_WARN_DEPRECATED_OBJC_IMPLEMENTATIONS = YES;
				CLANG_WARN_DIRECT_OBJC_ISA_USAGE = YES_ERROR;
				CLANG_WARN_DOCUMENTATION_COMMENTS = YES;
				CLANG_WARN_EMPTY_BODY = YES;
				CLANG_WARN_ENUM_CONVERSION = YES;
				CLANG_WARN_INFINITE_RECURSION = YES;
				CLANG_WARN_INT_CONVERSION = YES;
				CLANG_WARN_NON_LITERAL_NULL_CONVERSION = YES;
				CLANG_WARN_OBJC_IMPLICIT_RETAIN_SELF = YES;
				CLANG_WARN_OBJC_LITERAL_CONVERSION = YES;
				CLANG_WARN_OBJC_ROOT_CLASS = YES_ERROR;
				CLANG_WARN_QUOTED_INCLUDE_IN_FRAMEWORK_HEADER = YES;
				CLANG_WARN_RANGE_LOOP_ANALYSIS = YES;
				CLANG_WARN_STRICT_PROTOTYPES = YES;
				CLANG_WARN_SUSPICIOUS_MOVE = YES;
				CLANG_WARN_UNGUARDED_AVAILABILITY = YES_AGGRESSIVE;
				CLANG_WARN_UNREACHABLE_CODE = YES;
				CLANG_WARN__DUPLICATE_METHOD_MATCH = YES;
				COPY_PHASE_STRIP = NO;
				DEBUG_INFORMATION_FORMAT = dwarf;
				ENABLE_STRICT_OBJC_MSGSEND = YES;
				ENABLE_TESTABILITY = YES;
				GCC_C_LANGUAGE_STANDARD = gnu11;
				GCC_DYNAMIC_NO_PIC = NO;
				GCC_NO_COMMON_BLOCKS = YES;
				GCC_OPTIMIZATION_LEVEL = 0;
				GCC_PREPROCESSOR_DEFINITIONS = (
					"DEBUG=1",
					"$(inherited)",
				);
				GCC_WARN_64_TO_32_BIT_CONVERSION = YES;
				GCC_WARN_ABOUT_RETURN_TYPE = YES_ERROR;
				GCC_WARN_UNDECLARED_SELECTOR = YES;
				GCC_WARN_UNINITIALIZED_AUTOS = YES_AGGRESSIVE;
				GCC_WARN_UNUSED_FUNCTION = YES;
				GCC_WARN_UNUSED_VARIABLE = YES;
				IPHONEOS_DEPLOYMENT_TARGET = 15.0;
				MTL_ENABLE_DEBUG_INFO = INCLUDE_SOURCE;
				MTL_FAST_MATH = YES;
				ONLY_ACTIVE_ARCH = YES;
				SDKROOT = iphoneos;
				SWIFT_ACTIVE_COMPILATION_CONDITIONS = DEBUG;
				SWIFT_OPTIMIZATION_LEVEL = "-Onone";
			};
			name = Debug;
		};
		27662A4C285C7F31009F8D5F /* Release */ = {
			isa = XCBuildConfiguration;
			buildSettings = {
				ALWAYS_SEARCH_USER_PATHS = NO;
				CLANG_ANALYZER_NONNULL = YES;
				CLANG_ANALYZER_NUMBER_OBJECT_CONVERSION = YES_AGGRESSIVE;
				CLANG_CXX_LANGUAGE_STANDARD = "gnu++17";
				CLANG_ENABLE_MODULES = YES;
				CLANG_ENABLE_OBJC_ARC = YES;
				CLANG_ENABLE_OBJC_WEAK = YES;
				CLANG_WARN_BLOCK_CAPTURE_AUTORELEASING = YES;
				CLANG_WARN_BOOL_CONVERSION = YES;
				CLANG_WARN_COMMA = YES;
				CLANG_WARN_CONSTANT_CONVERSION = YES;
				CLANG_WARN_DEPRECATED_OBJC_IMPLEMENTATIONS = YES;
				CLANG_WARN_DIRECT_OBJC_ISA_USAGE = YES_ERROR;
				CLANG_WARN_DOCUMENTATION_COMMENTS = YES;
				CLANG_WARN_EMPTY_BODY = YES;
				CLANG_WARN_ENUM_CONVERSION = YES;
				CLANG_WARN_INFINITE_RECURSION = YES;
				CLANG_WARN_INT_CONVERSION = YES;
				CLANG_WARN_NON_LITERAL_NULL_CONVERSION = YES;
				CLANG_WARN_OBJC_IMPLICIT_RETAIN_SELF = YES;
				CLANG_WARN_OBJC_LITERAL_CONVERSION = YES;
				CLANG_WARN_OBJC_ROOT_CLASS = YES_ERROR;
				CLANG_WARN_QUOTED_INCLUDE_IN_FRAMEWORK_HEADER = YES;
				CLANG_WARN_RANGE_LOOP_ANALYSIS = YES;
				CLANG_WARN_STRICT_PROTOTYPES = YES;
				CLANG_WARN_SUSPICIOUS_MOVE = YES;
				CLANG_WARN_UNGUARDED_AVAILABILITY = YES_AGGRESSIVE;
				CLANG_WARN_UNREACHABLE_CODE = YES;
				CLANG_WARN__DUPLICATE_METHOD_MATCH = YES;
				COPY_PHASE_STRIP = NO;
				DEBUG_INFORMATION_FORMAT = "dwarf-with-dsym";
				ENABLE_NS_ASSERTIONS = NO;
				ENABLE_STRICT_OBJC_MSGSEND = YES;
				GCC_C_LANGUAGE_STANDARD = gnu11;
				GCC_NO_COMMON_BLOCKS = YES;
				GCC_WARN_64_TO_32_BIT_CONVERSION = YES;
				GCC_WARN_ABOUT_RETURN_TYPE = YES_ERROR;
				GCC_WARN_UNDECLARED_SELECTOR = YES;
				GCC_WARN_UNINITIALIZED_AUTOS = YES_AGGRESSIVE;
				GCC_WARN_UNUSED_FUNCTION = YES;
				GCC_WARN_UNUSED_VARIABLE = YES;
				IPHONEOS_DEPLOYMENT_TARGET = 15.0;
				MTL_ENABLE_DEBUG_INFO = NO;
				MTL_FAST_MATH = YES;
				SDKROOT = iphoneos;
				SWIFT_COMPILATION_MODE = wholemodule;
				SWIFT_OPTIMIZATION_LEVEL = "-O";
				VALIDATE_PRODUCT = YES;
			};
			name = Release;
		};
		27662A4E285C7F31009F8D5F /* Debug */ = {
			isa = XCBuildConfiguration;
			buildSettings = {
				ASSETCATALOG_COMPILER_APPICON_NAME = AppIcon;
				ASSETCATALOG_COMPILER_GLOBAL_ACCENT_COLOR_NAME = AccentColor;
				CODE_SIGN_STYLE = Automatic;
				CURRENT_PROJECT_VERSION = 1;
				DEVELOPMENT_ASSET_PATHS = "\"DebugExample/Preview Content\"";
				DEVELOPMENT_TEAM = 3UQDA6B4H6;
				ENABLE_PREVIEWS = YES;
				GENERATE_INFOPLIST_FILE = YES;
				INFOPLIST_KEY_UIApplicationSceneManifest_Generation = YES;
				INFOPLIST_KEY_UIApplicationSupportsIndirectInputEvents = YES;
				INFOPLIST_KEY_UILaunchScreen_Generation = YES;
				INFOPLIST_KEY_UISupportedInterfaceOrientations_iPad = "UIInterfaceOrientationPortrait UIInterfaceOrientationPortraitUpsideDown UIInterfaceOrientationLandscapeLeft UIInterfaceOrientationLandscapeRight";
				INFOPLIST_KEY_UISupportedInterfaceOrientations_iPhone = "UIInterfaceOrientationPortrait UIInterfaceOrientationLandscapeLeft UIInterfaceOrientationLandscapeRight";
				IPHONEOS_DEPLOYMENT_TARGET = 15.0;
				LD_RUNPATH_SEARCH_PATHS = (
					"$(inherited)",
					"@executable_path/Frameworks",
				);
				MARKETING_VERSION = 1.0;
				PRODUCT_BUNDLE_IDENTIFIER = com.allaboutapps.DebugExample;
				PRODUCT_NAME = "$(TARGET_NAME)";
				SWIFT_EMIT_LOC_STRINGS = YES;
				SWIFT_VERSION = 5.0;
				TARGETED_DEVICE_FAMILY = "1,2";
			};
			name = Debug;
		};
		27662A4F285C7F31009F8D5F /* Release */ = {
			isa = XCBuildConfiguration;
			buildSettings = {
				ASSETCATALOG_COMPILER_APPICON_NAME = AppIcon;
				ASSETCATALOG_COMPILER_GLOBAL_ACCENT_COLOR_NAME = AccentColor;
				CODE_SIGN_STYLE = Automatic;
				CURRENT_PROJECT_VERSION = 1;
				DEVELOPMENT_ASSET_PATHS = "\"DebugExample/Preview Content\"";
				DEVELOPMENT_TEAM = 3UQDA6B4H6;
				ENABLE_PREVIEWS = YES;
				GENERATE_INFOPLIST_FILE = YES;
				INFOPLIST_KEY_UIApplicationSceneManifest_Generation = YES;
				INFOPLIST_KEY_UIApplicationSupportsIndirectInputEvents = YES;
				INFOPLIST_KEY_UILaunchScreen_Generation = YES;
				INFOPLIST_KEY_UISupportedInterfaceOrientations_iPad = "UIInterfaceOrientationPortrait UIInterfaceOrientationPortraitUpsideDown UIInterfaceOrientationLandscapeLeft UIInterfaceOrientationLandscapeRight";
				INFOPLIST_KEY_UISupportedInterfaceOrientations_iPhone = "UIInterfaceOrientationPortrait UIInterfaceOrientationLandscapeLeft UIInterfaceOrientationLandscapeRight";
				IPHONEOS_DEPLOYMENT_TARGET = 15.0;
				LD_RUNPATH_SEARCH_PATHS = (
					"$(inherited)",
					"@executable_path/Frameworks",
				);
				MARKETING_VERSION = 1.0;
				PRODUCT_BUNDLE_IDENTIFIER = com.allaboutapps.DebugExample;
				PRODUCT_NAME = "$(TARGET_NAME)";
				SWIFT_EMIT_LOC_STRINGS = YES;
				SWIFT_VERSION = 5.0;
				TARGETED_DEVICE_FAMILY = "1,2";
			};
			name = Release;
		};
/* End XCBuildConfiguration section */

/* Begin XCConfigurationList section */
		27662A3A285C7F30009F8D5F /* Build configuration list for PBXProject "DebugExample" */ = {
			isa = XCConfigurationList;
			buildConfigurations = (
				27662A4B285C7F31009F8D5F /* Debug */,
				27662A4C285C7F31009F8D5F /* Release */,
			);
			defaultConfigurationIsVisible = 0;
			defaultConfigurationName = Release;
		};
		27662A4D285C7F31009F8D5F /* Build configuration list for PBXNativeTarget "DebugExample" */ = {
			isa = XCConfigurationList;
			buildConfigurations = (
				27662A4E285C7F31009F8D5F /* Debug */,
				27662A4F285C7F31009F8D5F /* Release */,
			);
			defaultConfigurationIsVisible = 0;
			defaultConfigurationName = Release;
		};
/* End XCConfigurationList section */

/* Begin XCSwiftPackageProductDependency section */
		27662A53285C7F5E009F8D5F /* Jentis */ = {
			isa = XCSwiftPackageProductDependency;
			productName = Jentis;
		};
/* End XCSwiftPackageProductDependency section */
	};
	rootObject = 27662A37285C7F30009F8D5F /* Project object */;
}
